{
	"name": "maybach",
	"version": "1.0.0",
	"lockfileVersion": 1,
	"requires": true,
	"dependencies": {
		"vue-class-component": {
			"version": "7.2.6",
			"resolved": "https://registry.npm.taobao.org/vue-class-component/download/vue-class-component-7.2.6.tgz",
			"integrity": "sha1-hHHgN7jkdi9aRkaG4Z5a/HCFAuQ="
		},
		"vue-property-decorator": {
			"version": "9.1.2",
			"resolved": "https://registry.npm.taobao.org/vue-property-decorator/download/vue-property-decorator-9.1.2.tgz",
			"integrity": "sha1-JmourGG6ZSfi5oppM8+5j92rVFc="
		},
		"vue-router": {
			"version": "3.5.2",
			"resolved": "https://registry.nlark.com/vue-router/download/vue-router-3.5.2.tgz",
			"integrity": "sha1-X1Xj8lGXDjbD6NiKfNLWejUK3lw="
		}
	}
}
